
Microsoft Visual Studio Solution File, Format Version 12.00
# Visual Studio Version 16
VisualStudioVersion = 16.0.30114.105
MinimumVisualStudioVersion = 10.0.40219.1
Project("{FAE04EC0-301F-11D3-BF4B-00C04F79EFBC}") = "1", "1\1.csproj", "{6B8F8FBE-44BB-4F91-876B-B461A469EF54}"
EndProject
Global
	GlobalSection(SolutionConfigurationPlatforms) = preSolution
		Debug|Any CPU = Debug|Any CPU
		Release|Any CPU = Release|Any CPU
	EndGlobalSection
	GlobalSection(ProjectConfigurationPlatforms) = postSolution
		{6B8F8FBE-44BB-4F91-876B-B461A469EF54}.Debug|Any CPU.ActiveCfg = Debug|Any CPU
		{6B8F8FBE-44BB-4F91-876B-B461A469EF54}.Debug|Any CPU.Build.0 = Debug|Any CPU
		{6B8F8FBE-44BB-4F91-876B-B461A469EF54}.Release|Any CPU.ActiveCfg = Release|Any CPU
		{6B8F8FBE-44BB-4F91-876B-B461A469EF54}.Release|Any CPU.Build.0 = Release|Any CPU
	EndGlobalSection
	GlobalSection(SolutionProperties) = preSolution
		HideSolutionNode = FALSE
	EndGlobalSection
	GlobalSection(ExtensibilityGlobals) = postSolution
		SolutionGuid = {A1BA1B80-202E-45CA-ABB2-24224D6519FE}
	EndGlobalSection
EndGlobal
